
Microsoft Visual Studio Solution File, Format Version 12.00
# Visual Studio Version 16
VisualStudioVersion = 16.0.30517.126
MinimumVisualStudioVersion = 10.0.40219.1
Project("{FAE04EC0-301F-11D3-BF4B-00C04F79EFBC}") = "Primer3", "Primer3\Primer3.csproj", "{643EB820-AA98-44AE-8064-FBBC00834FD2}"
EndProject
Global
	GlobalSection(SolutionConfigurationPlatforms) = preSolution
		Debug|Any CPU = Debug|Any CPU
		Release|Any CPU = Release|Any CPU
	EndGlobalSection
	GlobalSection(ProjectConfigurationPlatforms) = postSolution
		{643EB820-AA98-44AE-8064-FBBC00834FD2}.Debug|Any CPU.ActiveCfg = Debug|Any CPU
		{643EB820-AA98-44AE-8064-FBBC00834FD2}.Debug|Any CPU.Build.0 = Debug|Any CPU
		{643EB820-AA98-44AE-8064-FBBC00834FD2}.Release|Any CPU.ActiveCfg = Release|Any CPU
		{643EB820-AA98-44AE-8064-FBBC00834FD2}.Release|Any CPU.Build.0 = Release|Any CPU
	EndGlobalSection
	GlobalSection(SolutionProperties) = preSolution
		HideSolutionNode = FALSE
	EndGlobalSection
	GlobalSection(ExtensibilityGlobals) = postSolution
		SolutionGuid = {0BF08699-04E4-43FF-B777-C8CFE3D8EC2E}
	EndGlobalSection
EndGlobal
