
Microsoft Visual Studio Solution File, Format Version 12.00
# Visual Studio Version 16
VisualStudioVersion = 16.0.30621.155
MinimumVisualStudioVersion = 10.0.40219.1
Project("{FAE04EC0-301F-11D3-BF4B-00C04F79EFBC}") = "Zadanie1", "Zadanie1\Zadanie1.csproj", "{C3EEA662-A6AA-4732-916C-6AB7FB975B00}"
EndProject
Global
	GlobalSection(SolutionConfigurationPlatforms) = preSolution
		Debug|Any CPU = Debug|Any CPU
		Release|Any CPU = Release|Any CPU
	EndGlobalSection
	GlobalSection(ProjectConfigurationPlatforms) = postSolution
		{C3EEA662-A6AA-4732-916C-6AB7FB975B00}.Debug|Any CPU.ActiveCfg = Debug|Any CPU
		{C3EEA662-A6AA-4732-916C-6AB7FB975B00}.Debug|Any CPU.Build.0 = Debug|Any CPU
		{C3EEA662-A6AA-4732-916C-6AB7FB975B00}.Release|Any CPU.ActiveCfg = Release|Any CPU
		{C3EEA662-A6AA-4732-916C-6AB7FB975B00}.Release|Any CPU.Build.0 = Release|Any CPU
	EndGlobalSection
	GlobalSection(SolutionProperties) = preSolution
		HideSolutionNode = FALSE
	EndGlobalSection
	GlobalSection(ExtensibilityGlobals) = postSolution
		SolutionGuid = {B6A1C257-0A88-46B4-AB36-43AA7D77B1C0}
	EndGlobalSection
EndGlobal
