
Microsoft Visual Studio Solution File, Format Version 12.00
# Visual Studio Version 16
VisualStudioVersion = 16.0.30621.155
MinimumVisualStudioVersion = 10.0.40219.1
Project("{FAE04EC0-301F-11D3-BF4B-00C04F79EFBC}") = "Zadanie", "Zadanie\Zadanie.csproj", "{1B5D3857-8276-4C3B-B749-2032228C498D}"
EndProject
Global
	GlobalSection(SolutionConfigurationPlatforms) = preSolution
		Debug|Any CPU = Debug|Any CPU
		Release|Any CPU = Release|Any CPU
	EndGlobalSection
	GlobalSection(ProjectConfigurationPlatforms) = postSolution
		{1B5D3857-8276-4C3B-B749-2032228C498D}.Debug|Any CPU.ActiveCfg = Debug|Any CPU
		{1B5D3857-8276-4C3B-B749-2032228C498D}.Debug|Any CPU.Build.0 = Debug|Any CPU
		{1B5D3857-8276-4C3B-B749-2032228C498D}.Release|Any CPU.ActiveCfg = Release|Any CPU
		{1B5D3857-8276-4C3B-B749-2032228C498D}.Release|Any CPU.Build.0 = Release|Any CPU
	EndGlobalSection
	GlobalSection(SolutionProperties) = preSolution
		HideSolutionNode = FALSE
	EndGlobalSection
	GlobalSection(ExtensibilityGlobals) = postSolution
		SolutionGuid = {4E4F8641-F913-4C65-806E-CAB04469C974}
	EndGlobalSection
EndGlobal
