
Microsoft Visual Studio Solution File, Format Version 12.00
# Visual Studio Version 16
VisualStudioVersion = 16.0.29503.13
MinimumVisualStudioVersion = 10.0.40219.1
Project("{FAE04EC0-301F-11D3-BF4B-00C04F79EFBC}") = "Zadanie2", "Zadanie2\Zadanie2.csproj", "{875154DE-6134-4DC9-93E8-DB8F72D09FF2}"
EndProject
Global
	GlobalSection(SolutionConfigurationPlatforms) = preSolution
		Debug|Any CPU = Debug|Any CPU
		Release|Any CPU = Release|Any CPU
	EndGlobalSection
	GlobalSection(ProjectConfigurationPlatforms) = postSolution
		{875154DE-6134-4DC9-93E8-DB8F72D09FF2}.Debug|Any CPU.ActiveCfg = Debug|Any CPU
		{875154DE-6134-4DC9-93E8-DB8F72D09FF2}.Debug|Any CPU.Build.0 = Debug|Any CPU
		{875154DE-6134-4DC9-93E8-DB8F72D09FF2}.Release|Any CPU.ActiveCfg = Release|Any CPU
		{875154DE-6134-4DC9-93E8-DB8F72D09FF2}.Release|Any CPU.Build.0 = Release|Any CPU
	EndGlobalSection
	GlobalSection(SolutionProperties) = preSolution
		HideSolutionNode = FALSE
	EndGlobalSection
	GlobalSection(ExtensibilityGlobals) = postSolution
		SolutionGuid = {DE946C99-159C-493C-BC6C-430D666A1C9E}
	EndGlobalSection
EndGlobal
