
Microsoft Visual Studio Solution File, Format Version 12.00
# Visual Studio Version 16
VisualStudioVersion = 16.0.30503.244
MinimumVisualStudioVersion = 10.0.40219.1
Project("{FAE04EC0-301F-11D3-BF4B-00C04F79EFBC}") = "Zadanie", "Zadanie\Zadanie.csproj", "{6ABD4FEB-2C3D-467B-946C-B3E4266AA9C5}"
EndProject
Global
	GlobalSection(SolutionConfigurationPlatforms) = preSolution
		Debug|Any CPU = Debug|Any CPU
		Release|Any CPU = Release|Any CPU
	EndGlobalSection
	GlobalSection(ProjectConfigurationPlatforms) = postSolution
		{6ABD4FEB-2C3D-467B-946C-B3E4266AA9C5}.Debug|Any CPU.ActiveCfg = Debug|Any CPU
		{6ABD4FEB-2C3D-467B-946C-B3E4266AA9C5}.Debug|Any CPU.Build.0 = Debug|Any CPU
		{6ABD4FEB-2C3D-467B-946C-B3E4266AA9C5}.Release|Any CPU.ActiveCfg = Release|Any CPU
		{6ABD4FEB-2C3D-467B-946C-B3E4266AA9C5}.Release|Any CPU.Build.0 = Release|Any CPU
	EndGlobalSection
	GlobalSection(SolutionProperties) = preSolution
		HideSolutionNode = FALSE
	EndGlobalSection
	GlobalSection(ExtensibilityGlobals) = postSolution
		SolutionGuid = {1C0D5C69-80A0-41C9-8F9D-9339CE6EB01F}
	EndGlobalSection
EndGlobal
